// !$*UTF8*$!
{
	archiveVersion = 1;
	classes = {
	};
	objectVersion = 46;
	objects = {

/* Begin PBXBuildFile section */
		A6F151C71D2DB32900948BBE /* AppDelegate.swift in Sources */ = {isa = PBXBuildFile; fileRef = A6F151C61D2DB32900948BBE /* AppDelegate.swift */; };
		A6F151C91D2DB32900948BBE /* ViewController.swift in Sources */ = {isa = PBXBuildFile; fileRef = A6F151C81D2DB32900948BBE /* ViewController.swift */; };
		A6F151CC1D2DB32900948BBE /* Main.storyboard in Resources */ = {isa = PBXBuildFile; fileRef = A6F151CA1D2DB32900948BBE /* Main.storyboard */; };
		A6F151CE1D2DB32900948BBE /* Assets.xcassets in Resources */ = {isa = PBXBuildFile; fileRef = A6F151CD1D2DB32900948BBE /* Assets.xcassets */; };
		A6F151D11D2DB32900948BBE /* LaunchScreen.storyboard in Resources */ = {isa = PBXBuildFile; fileRef = A6F151CF1D2DB32900948BBE /* LaunchScreen.storyboard */; };
		A6F151DC1D2DB32900948BBE /* ColdCallTests.swift in Sources */ = {isa = PBXBuildFile; fileRef = A6F151DB1D2DB32900948BBE /* ColdCallTests.swift */; };
		A6F151E71D2DB32900948BBE /* ColdCallUITests.swift in Sources */ = {isa = PBXBuildFile; fileRef = A6F151E61D2DB32900948BBE /* ColdCallUITests.swift */; };
/* End PBXBuildFile section */

/* Begin PBXContainerItemProxy section */
		A6F151D81D2DB32900948BBE /* PBXContainerItemProxy */ = {
			isa = PBXContainerItemProxy;
			containerPortal = A6F151BB1D2DB32900948BBE /* Project object */;
			proxyType = 1;
			remoteGlobalIDString = A6F151C21D2DB32900948BBE;
			remoteInfo = ColdCall;
		};
		A6F151E31D2DB32900948BBE /* PBXContainerItemProxy */ = {
			isa = PBXContainerItemProxy;
			containerPortal = A6F151BB1D2DB32900948BBE /* Project object */;
			proxyType = 1;
			remoteGlobalIDString = A6F151C21D2DB32900948BBE;
			remoteInfo = ColdCall;
		};
/* End PBXContainerItemProxy section */

/* Begin PBXFileReference section */
		A6F151C31D2DB32900948BBE /* ColdCall.app */ = {isa = PBXFileReference; explicitFileType = wrapper.application; includeInIndex = 0; path = ColdCall.app; sourceTree = BUILT_PRODUCTS_DIR; };
		A6F151C61D2DB32900948BBE /* AppDelegate.swift */ = {isa = PBXFileReference; lastKnownFileType = sourcecode.swift; path = AppDelegate.swift; sourceTree = "<group>"; };
		A6F151C81D2DB32900948BBE /* ViewController.swift */ = {isa = PBXFileReference; lastKnownFileType = sourcecode.swift; path = ViewController.swift; sourceTree = "<group>"; };
		A6F151CB1D2DB32900948BBE /* Base */ = {isa = PBXFileReference; lastKnownFileType = file.storyboard; name = Base; path = Base.lproj/Main.storyboard; sourceTree = "<group>"; };
		A6F151CD1D2DB32900948BBE /* Assets.xcassets */ = {isa = PBXFileReference; lastKnownFileType = folder.assetcatalog; path = Assets.xcassets; sourceTree = "<group>"; };
		A6F151D01D2DB32900948BBE /* Base */ = {isa = PBXFileReference; lastKnownFileType = file.storyboard; name = Base; path = Base.lproj/LaunchScreen.storyboard; sourceTree = "<group>"; };
		A6F151D21D2DB32900948BBE /* Info.plist */ = {isa = PBXFileReference; lastKnownFileType = text.plist.xml; path = Info.plist; sourceTree = "<group>"; };
		A6F151D71D2DB32900948BBE /* ColdCallTests.xctest */ = {isa = PBXFileReference; explicitFileType = wrapper.cfbundle; includeInIndex = 0; path = ColdCallTests.xctest; sourceTree = BUILT_PRODUCTS_DIR; };
		A6F151DB1D2DB32900948BBE /* ColdCallTests.swift */ = {isa = PBXFileReference; lastKnownFileType = sourcecode.swift; path = ColdCallTests.swift; sourceTree = "<group>"; };
		A6F151DD1D2DB32900948BBE /* Info.plist */ = {isa = PBXFileReference; lastKnownFileType = text.plist.xml; path = Info.plist; sourceTree = "<group>"; };
		A6F151E21D2DB32900948BBE /* ColdCallUITests.xctest */ = {isa = PBXFileReference; explicitFileType = wrapper.cfbundle; includeInIndex = 0; path = ColdCallUITests.xctest; sourceTree = BUILT_PRODUCTS_DIR; };
		A6F151E61D2DB32900948BBE /* ColdCallUITests.swift */ = {isa = PBXFileReference; lastKnownFileType = sourcecode.swift; path = ColdCallUITests.swift; sourceTree = "<group>"; };
		A6F151E81D2DB32900948BBE /* Info.plist */ = {isa = PBXFileReference; lastKnownFileType = text.plist.xml; path = Info.plist; sourceTree = "<group>"; };
/* End PBXFileReference section */

/* Begin PBXFrameworksBuildPhase section */
		A6F151C01D2DB32900948BBE /* Frameworks */ = {
			isa = PBXFrameworksBuildPhase;
			buildActionMask = 2147483647;
			files = (
			);
			runOnlyForDeploymentPostprocessing = 0;
		};
		A6F151D41D2DB32900948BBE /* Frameworks */ = {
			isa = PBXFrameworksBuildPhase;
			buildActionMask = 2147483647;
			files = (
			);
			runOnlyForDeploymentPostprocessing = 0;
		};
		A6F151DF1D2DB32900948BBE /* Frameworks */ = {
			isa = PBXFrameworksBuildPhase;
			buildActionMask = 2147483647;
			files = (
			);
			runOnlyForDeploymentPostprocessing = 0;
		};
/* End PBXFrameworksBuildPhase section */

/* Begin PBXGroup section */
		A6F151BA1D2DB32900948BBE = {
			isa = PBXGroup;
			children = (
				A6F151C51D2DB32900948BBE /* ColdCall */,
				A6F151DA1D2DB32900948BBE /* ColdCallTests */,
				A6F151E51D2DB32900948BBE /* ColdCallUITests */,
				A6F151C41D2DB32900948BBE /* Products */,
			);
			sourceTree = "<group>";
		};
		A6F151C41D2DB32900948BBE /* Products */ = {
			isa = PBXGroup;
			children = (
				A6F151C31D2DB32900948BBE /* ColdCall.app */,
				A6F151D71D2DB32900948BBE /* ColdCallTests.xctest */,
				A6F151E21D2DB32900948BBE /* ColdCallUITests.xctest */,
			);
			name = Products;
			sourceTree = "<group>";
		};
		A6F151C51D2DB32900948BBE /* ColdCall */ = {
			isa = PBXGroup;
			children = (
				A6F151C61D2DB32900948BBE /* AppDelegate.swift */,
				A6F151C81D2DB32900948BBE /* ViewController.swift */,
				A6F151CA1D2DB32900948BBE /* Main.storyboard */,
				A6F151CD1D2DB32900948BBE /* Assets.xcassets */,
				A6F151CF1D2DB32900948BBE /* LaunchScreen.storyboard */,
				A6F151D21D2DB32900948BBE /* Info.plist */,
			);
			path = ColdCall;
			sourceTree = "<group>";
		};
		A6F151DA1D2DB32900948BBE /* ColdCallTests */ = {
			isa = PBXGroup;
			children = (
				A6F151DB1D2DB32900948BBE /* ColdCallTests.swift */,
				A6F151DD1D2DB32900948BBE /* Info.plist */,
			);
			path = ColdCallTests;
			sourceTree = "<group>";
		};
		A6F151E51D2DB32900948BBE /* ColdCallUITests */ = {
			isa = PBXGroup;
			children = (
				A6F151E61D2DB32900948BBE /* ColdCallUITests.swift */,
				A6F151E81D2DB32900948BBE /* Info.plist */,
			);
			path = ColdCallUITests;
			sourceTree = "<group>";
		};
/* End PBXGroup section */

/* Begin PBXNativeTarget section */
		A6F151C21D2DB32900948BBE /* ColdCall */ = {
			isa = PBXNativeTarget;
			buildConfigurationList = A6F151EB1D2DB32900948BBE /* Build configuration list for PBXNativeTarget "ColdCall" */;
			buildPhases = (
				A6F151BF1D2DB32900948BBE /* Sources */,
				A6F151C01D2DB32900948BBE /* Frameworks */,
				A6F151C11D2DB32900948BBE /* Resources */,
			);
			buildRules = (
			);
			dependencies = (
			);
			name = ColdCall;
			productName = ColdCall;
			productReference = A6F151C31D2DB32900948BBE /* ColdCall.app */;
			productType = "com.apple.product-type.application";
		};
		A6F151D61D2DB32900948BBE /* ColdCallTests */ = {
			isa = PBXNativeTarget;
			buildConfigurationList = A6F151EE1D2DB32900948BBE /* Build configuration list for PBXNativeTarget "ColdCallTests" */;
			buildPhases = (
				A6F151D31D2DB32900948BBE /* Sources */,
				A6F151D41D2DB32900948BBE /* Frameworks */,
				A6F151D51D2DB32900948BBE /* Resources */,
			);
			buildRules = (
			);
			dependencies = (
				A6F151D91D2DB32900948BBE /* PBXTargetDependency */,
			);
			name = ColdCallTests;
			productName = ColdCallTests;
			productReference = A6F151D71D2DB32900948BBE /* ColdCallTests.xctest */;
			productType = "com.apple.product-type.bundle.unit-test";
		};
		A6F151E11D2DB32900948BBE /* ColdCallUITests */ = {
			isa = PBXNativeTarget;
			buildConfigurationList = A6F151F11D2DB32900948BBE /* Build configuration list for PBXNativeTarget "ColdCallUITests" */;
			buildPhases = (
				A6F151DE1D2DB32900948BBE /* Sources */,
				A6F151DF1D2DB32900948BBE /* Frameworks */,
				A6F151E01D2DB32900948BBE /* Resources */,
			);
			buildRules = (
			);
			dependencies = (
				A6F151E41D2DB32900948BBE /* PBXTargetDependency */,
			);
			name = ColdCallUITests;
			productName = ColdCallUITests;
			productReference = A6F151E21D2DB32900948BBE /* ColdCallUITests.xctest */;
			productType = "com.apple.product-type.bundle.ui-testing";
		};
/* End PBXNativeTarget section */

/* Begin PBXProject section */
		A6F151BB1D2DB32900948BBE /* Project object */ = {
			isa = PBXProject;
			attributes = {
				LastSwiftUpdateCheck = 0730;
				LastUpgradeCheck = 0730;
				ORGANIZATIONNAME = "Sushrut Athavale";
				TargetAttributes = {
					A6F151C21D2DB32900948BBE = {
						CreatedOnToolsVersion = 7.3.1;
					};
					A6F151D61D2DB32900948BBE = {
						CreatedOnToolsVersion = 7.3.1;
						TestTargetID = A6F151C21D2DB32900948BBE;
					};
					A6F151E11D2DB32900948BBE = {
						CreatedOnToolsVersion = 7.3.1;
						TestTargetID = A6F151C21D2DB32900948BBE;
					};
				};
			};
			buildConfigurationList = A6F151BE1D2DB32900948BBE /* Build configuration list for PBXProject "ColdCall" */;
			compatibilityVersion = "Xcode 3.2";
			developmentRegion = English;
			hasScannedForEncodings = 0;
			knownRegions = (
				en,
				Base,
			);
			mainGroup = A6F151BA1D2DB32900948BBE;
			productRefGroup = A6F151C41D2DB32900948BBE /* Products */;
			projectDirPath = "";
			projectRoot = "";
			targets = (
				A6F151C21D2DB32900948BBE /* ColdCall */,
				A6F151D61D2DB32900948BBE /* ColdCallTests */,
				A6F151E11D2DB32900948BBE /* ColdCallUITests */,
			);
		};
/* End PBXProject section */

/* Begin PBXResourcesBuildPhase section */
		A6F151C11D2DB32900948BBE /* Resources */ = {
			isa = PBXResourcesBuildPhase;
			buildActionMask = 2147483647;
			files = (
				A6F151D11D2DB32900948BBE /* LaunchScreen.storyboard in Resources */,
				A6F151CE1D2DB32900948BBE /* Assets.xcassets in Resources */,
				A6F151CC1D2DB32900948BBE /* Main.storyboard in Resources */,
			);
			runOnlyForDeploymentPostprocessing = 0;
		};
		A6F151D51D2DB32900948BBE /* Resources */ = {
			isa = PBXResourcesBuildPhase;
			buildActionMask = 2147483647;
			files = (
			);
			runOnlyForDeploymentPostprocessing = 0;
		};
		A6F151E01D2DB32900948BBE /* Resources */ = {
			isa = PBXResourcesBuildPhase;
			buildActionMask = 2147483647;
			files = (
			);
			runOnlyForDeploymentPostprocessing = 0;
		};
/* End PBXResourcesBuildPhase section */

/* Begin PBXSourcesBuildPhase section */
		A6F151BF1D2DB32900948BBE /* Sources */ = {
			isa = PBXSourcesBuildPhase;
			buildActionMask = 2147483647;
			files = (
				A6F151C91D2DB32900948BBE /* ViewController.swift in Sources */,
				A6F151C71D2DB32900948BBE /* AppDelegate.swift in Sources */,
			);
			runOnlyForDeploymentPostprocessing = 0;
		};
		A6F151D31D2DB32900948BBE /* Sources */ = {
			isa = PBXSourcesBuildPhase;
			buildActionMask = 2147483647;
			files = (
				A6F151DC1D2DB32900948BBE /* ColdCallTests.swift in Sources */,
			);
			runOnlyForDeploymentPostprocessing = 0;
		};
		A6F151DE1D2DB32900948BBE /* Sources */ = {
			isa = PBXSourcesBuildPhase;
			buildActionMask = 2147483647;
			files = (
				A6F151E71D2DB32900948BBE /* ColdCallUITests.swift in Sources */,
			);
			runOnlyForDeploymentPostprocessing = 0;
		};
/* End PBXSourcesBuildPhase section */

/* Begin PBXTargetDependency section */
		A6F151D91D2DB32900948BBE /* PBXTargetDependency */ = {
			isa = PBXTargetDependency;
			target = A6F151C21D2DB32900948BBE /* ColdCall */;
			targetProxy = A6F151D81D2DB32900948BBE /* PBXContainerItemProxy */;
		};
		A6F151E41D2DB32900948BBE /* PBXTargetDependency */ = {
			isa = PBXTargetDependency;
			target = A6F151C21D2DB32900948BBE /* ColdCall */;
			targetProxy = A6F151E31D2DB32900948BBE /* PBXContainerItemProxy */;
		};
/* End PBXTargetDependency section */

/* Begin PBXVariantGroup section */
		A6F151CA1D2DB32900948BBE /* Main.storyboard */ = {
			isa = PBXVariantGroup;
			children = (
				A6F151CB1D2DB32900948BBE /* Base */,
			);
			name = Main.storyboard;
			sourceTree = "<group>";
		};
		A6F151CF1D2DB32900948BBE /* LaunchScreen.storyboard */ = {
			isa = PBXVariantGroup;
			children = (
				A6F151D01D2DB32900948BBE /* Base */,
			);
			name = LaunchScreen.storyboard;
			sourceTree = "<group>";
		};
/* End PBXVariantGroup section */

/* Begin XCBuildConfiguration section */
		A6F151E91D2DB32900948BBE /* Debug */ = {
			isa = XCBuildConfiguration;
			buildSettings = {
				ALWAYS_SEARCH_USER_PATHS = NO;
				CLANG_ANALYZER_NONNULL = YES;
				CLANG_CXX_LANGUAGE_STANDARD = "gnu++0x";
				CLANG_CXX_LIBRARY = "libc++";
				CLANG_ENABLE_MODULES = YES;
				CLANG_ENABLE_OBJC_ARC = YES;
				CLANG_WARN_BOOL_CONVERSION = YES;
				CLANG_WARN_CONSTANT_CONVERSION = YES;
				CLANG_WARN_DIRECT_OBJC_ISA_USAGE = YES_ERROR;
				CLANG_WARN_EMPTY_BODY = YES;
				CLANG_WARN_ENUM_CONVERSION = YES;
				CLANG_WARN_INT_CONVERSION = YES;
				CLANG_WARN_OBJC_ROOT_CLASS = YES_ERROR;
				CLANG_WARN_UNREACHABLE_CODE = YES;
				CLANG_WARN__DUPLICATE_METHOD_MATCH = YES;
				"CODE_SIGN_IDENTITY[sdk=iphoneos*]" = "iPhone Developer";
				COPY_PHASE_STRIP = NO;
				DEBUG_INFORMATION_FORMAT = dwarf;
				ENABLE_STRICT_OBJC_MSGSEND = YES;
				ENABLE_TESTABILITY = YES;
				GCC_C_LANGUAGE_STANDARD = gnu99;
				GCC_DYNAMIC_NO_PIC = NO;
				GCC_NO_COMMON_BLOCKS = YES;
				GCC_OPTIMIZATION_LEVEL = 0;
				GCC_PREPROCESSOR_DEFINITIONS = (
					"DEBUG=1",
					"$(inherited)",
				);
				GCC_WARN_64_TO_32_BIT_CONVERSION = YES;
				GCC_WARN_ABOUT_RETURN_TYPE = YES_ERROR;
				GCC_WARN_UNDECLARED_SELECTOR = YES;
				GCC_WARN_UNINITIALIZED_AUTOS = YES_AGGRESSIVE;
				GCC_WARN_UNUSED_FUNCTION = YES;
				GCC_WARN_UNUSED_VARIABLE = YES;
				IPHONEOS_DEPLOYMENT_TARGET = 9.3;
				MTL_ENABLE_DEBUG_INFO = YES;
				ONLY_ACTIVE_ARCH = YES;
				SDKROOT = iphoneos;
				SWIFT_OPTIMIZATION_LEVEL = "-Onone";
				TARGETED_DEVICE_FAMILY = "1,2";
			};
			name = Debug;
		};
		A6F151EA1D2DB32900948BBE /* Release */ = {
			isa = XCBuildConfiguration;
			buildSettings = {
				ALWAYS_SEARCH_USER_PATHS = NO;
				CLANG_ANALYZER_NONNULL = YES;
				CLANG_CXX_LANGUAGE_STANDARD = "gnu++0x";
				CLANG_CXX_LIBRARY = "libc++";
				CLANG_ENABLE_MODULES = YES;
				CLANG_ENABLE_OBJC_ARC = YES;
				CLANG_WARN_BOOL_CONVERSION = YES;
				CLANG_WARN_CONSTANT_CONVERSION = YES;
				CLANG_WARN_DIRECT_OBJC_ISA_USAGE = YES_ERROR;
				CLANG_WARN_EMPTY_BODY = YES;
				CLANG_WARN_ENUM_CONVERSION = YES;
				CLANG_WARN_INT_CONVERSION = YES;
				CLANG_WARN_OBJC_ROOT_CLASS = YES_ERROR;
				CLANG_WARN_UNREACHABLE_CODE = YES;
				CLANG_WARN__DUPLICATE_METHOD_MATCH = YES;
				"CODE_SIGN_IDENTITY[sdk=iphoneos*]" = "iPhone Developer";
				COPY_PHASE_STRIP = NO;
				DEBUG_INFORMATION_FORMAT = "dwarf-with-dsym";
				ENABLE_NS_ASSERTIONS = NO;
				ENABLE_STRICT_OBJC_MSGSEND = YES;
				GCC_C_LANGUAGE_STANDARD = gnu99;
				GCC_NO_COMMON_BLOCKS = YES;
				GCC_WARN_64_TO_32_BIT_CONVERSION = YES;
				GCC_WARN_ABOUT_RETURN_TYPE = YES_ERROR;
				GCC_WARN_UNDECLARED_SELECTOR = YES;
				GCC_WARN_UNINITIALIZED_AUTOS = YES_AGGRESSIVE;
				GCC_WARN_UNUSED_FUNCTION = YES;
				GCC_WARN_UNUSED_VARIABLE = YES;
				IPHONEOS_DEPLOYMENT_TARGET = 9.3;
				MTL_ENABLE_DEBUG_INFO = NO;
				SDKROOT = iphoneos;
				TARGETED_DEVICE_FAMILY = "1,2";
				VALIDATE_PRODUCT = YES;
			};
			name = Release;
		};
		A6F151EC1D2DB32900948BBE /* Debug */ = {
			isa = XCBuildConfiguration;
			buildSettings = {
				ASSETCATALOG_COMPILER_APPICON_NAME = AppIcon;
				INFOPLIST_FILE = ColdCall/Info.plist;
				LD_RUNPATH_SEARCH_PATHS = "$(inherited) @executable_path/Frameworks";
				PRODUCT_BUNDLE_IDENTIFIER = com.sushrut.ColdCall;
				PRODUCT_NAME = "$(TARGET_NAME)";
			};
			name = Debug;
		};
		A6F151ED1D2DB32900948BBE /* Release */ = {
			isa = XCBuildConfiguration;
			buildSettings = {
				ASSETCATALOG_COMPILER_APPICON_NAME = AppIcon;
				INFOPLIST_FILE = ColdCall/Info.plist;
				LD_RUNPATH_SEARCH_PATHS = "$(inherited) @executable_path/Frameworks";
				PRODUCT_BUNDLE_IDENTIFIER = com.sushrut.ColdCall;
				PRODUCT_NAME = "$(TARGET_NAME)";
			};
			name = Release;
		};
		A6F151EF1D2DB32900948BBE /* Debug */ = {
			isa = XCBuildConfiguration;
			buildSettings = {
				BUNDLE_LOADER = "$(TEST_HOST)";
				INFOPLIST_FILE = ColdCallTests/Info.plist;
				LD_RUNPATH_SEARCH_PATHS = "$(inherited) @executable_path/Frameworks @loader_path/Frameworks";
				PRODUCT_BUNDLE_IDENTIFIER = com.sushrut.ColdCallTests;
				PRODUCT_NAME = "$(TARGET_NAME)";
				TEST_HOST = "$(BUILT_PRODUCTS_DIR)/ColdCall.app/ColdCall";
			};
			name = Debug;
		};
		A6F151F01D2DB32900948BBE /* Release */ = {
			isa = XCBuildConfiguration;
			buildSettings = {
				BUNDLE_LOADER = "$(TEST_HOST)";
				INFOPLIST_FILE = ColdCallTests/Info.plist;
				LD_RUNPATH_SEARCH_PATHS = "$(inherited) @executable_path/Frameworks @loader_path/Frameworks";
				PRODUCT_BUNDLE_IDENTIFIER = com.sushrut.ColdCallTests;
				PRODUCT_NAME = "$(TARGET_NAME)";
				TEST_HOST = "$(BUILT_PRODUCTS_DIR)/ColdCall.app/ColdCall";
			};
			name = Release;
		};
		A6F151F21D2DB32900948BBE /* Debug */ = {
			isa = XCBuildConfiguration;
			buildSettings = {
				INFOPLIST_FILE = ColdCallUITests/Info.plist;
				LD_RUNPATH_SEARCH_PATHS = "$(inherited) @executable_path/Frameworks @loader_path/Frameworks";
				PRODUCT_BUNDLE_IDENTIFIER = com.sushrut.ColdCallUITests;
				PRODUCT_NAME = "$(TARGET_NAME)";
				TEST_TARGET_NAME = ColdCall;
			};
			name = Debug;
		};
		A6F151F31D2DB32900948BBE /* Release */ = {
			isa = XCBuildConfiguration;
			buildSettings = {
				INFOPLIST_FILE = ColdCallUITests/Info.plist;
				LD_RUNPATH_SEARCH_PATHS = "$(inherited) @executable_path/Frameworks @loader_path/Frameworks";
				PRODUCT_BUNDLE_IDENTIFIER = com.sushrut.ColdCallUITests;
				PRODUCT_NAME = "$(TARGET_NAME)";
				TEST_TARGET_NAME = ColdCall;
			};
			name = Release;
		};
/* End XCBuildConfiguration section */

/* Begin XCConfigurationList section */
		A6F151BE1D2DB32900948BBE /* Build configuration list for PBXProject "ColdCall" */ = {
			isa = XCConfigurationList;
			buildConfigurations = (
				A6F151E91D2DB32900948BBE /* Debug */,
				A6F151EA1D2DB32900948BBE /* Release */,
			);
			defaultConfigurationIsVisible = 0;
			defaultConfigurationName = Release;
		};
		A6F151EB1D2DB32900948BBE /* Build configuration list for PBXNativeTarget "ColdCall" */ = {
			isa = XCConfigurationList;
			buildConfigurations = (
				A6F151EC1D2DB32900948BBE /* Debug */,
				A6F151ED1D2DB32900948BBE /* Release */,
			);
			defaultConfigurationIsVisible = 0;
		};
		A6F151EE1D2DB32900948BBE /* Build configuration list for PBXNativeTarget "ColdCallTests" */ = {
			isa = XCConfigurationList;
			buildConfigurations = (
				A6F151EF1D2DB32900948BBE /* Debug */,
				A6F151F01D2DB32900948BBE /* Release */,
			);
			defaultConfigurationIsVisible = 0;
		};
		A6F151F11D2DB32900948BBE /* Build configuration list for PBXNativeTarget "ColdCallUITests" */ = {
			isa = XCConfigurationList;
			buildConfigurations = (
				A6F151F21D2DB32900948BBE /* Debug */,
				A6F151F31D2DB32900948BBE /* Release */,
			);
			defaultConfigurationIsVisible = 0;
		};
/* End XCConfigurationList section */
	};
	rootObject = A6F151BB1D2DB32900948BBE /* Project object */;
}
